
Microsoft Visual Studio Solution File, Format Version 12.00
# Visual Studio 15
VisualStudioVersion = 15.0.27130.2027
MinimumVisualStudioVersion = 10.0.40219.1
Project("{9A19103F-16F7-4668-BE54-9A1E7A4F7556}") = "DatingApp.API", "DatingApp.API.csproj", "{68FCA584-9FB0-4BE5-80C1-1BE8BF740BC6}"
EndProject
Global
	GlobalSection(SolutionConfigurationPlatforms) = preSolution
		Debug|Any CPU = Debug|Any CPU
		Release|Any CPU = Release|Any CPU
	EndGlobalSection
	GlobalSection(ProjectConfigurationPlatforms) = postSolution
		{68FCA584-9FB0-4BE5-80C1-1BE8BF740BC6}.Debug|Any CPU.ActiveCfg = Debug|Any CPU
		{68FCA584-9FB0-4BE5-80C1-1BE8BF740BC6}.Debug|Any CPU.Build.0 = Debug|Any CPU
		{68FCA584-9FB0-4BE5-80C1-1BE8BF740BC6}.Release|Any CPU.ActiveCfg = Release|Any CPU
		{68FCA584-9FB0-4BE5-80C1-1BE8BF740BC6}.Release|Any CPU.Build.0 = Release|Any CPU
	EndGlobalSection
	GlobalSection(SolutionProperties) = preSolution
		HideSolutionNode = FALSE
	EndGlobalSection
	GlobalSection(ExtensibilityGlobals) = postSolution
		SolutionGuid = {AB0E822F-C79C-4059-8BD7-6B11EDEF2466}
	EndGlobalSection
EndGlobal
